// !$*UTF8*$!
{
	archiveVersion = 1;
	classes = {
	};
	objectVersion = 55;
	objects = {

/* Begin PBXBuildFile section */
		A42CBFAD27AB745E0069FC45 /* UIUtils.swift in Sources */ = {isa = PBXBuildFile; fileRef = A42CBFAC27AB745E0069FC45 /* UIUtils.swift */; };
		A42CBFB827AB7BC50069FC45 /* SearchViewController.swift in Sources */ = {isa = PBXBuildFile; fileRef = A42CBFB627AB7BC50069FC45 /* SearchViewController.swift */; };
		A42CBFB927AB7BC50069FC45 /* SearchViewController.xib in Resources */ = {isa = PBXBuildFile; fileRef = A42CBFB727AB7BC50069FC45 /* SearchViewController.xib */; };
		A42CBFBC27AB7D0E0069FC45 /* WatchListViewController.swift in Sources */ = {isa = PBXBuildFile; fileRef = A42CBFBA27AB7D0E0069FC45 /* WatchListViewController.swift */; };
		A42CBFBD27AB7D0E0069FC45 /* WatchListViewController.xib in Resources */ = {isa = PBXBuildFile; fileRef = A42CBFBB27AB7D0E0069FC45 /* WatchListViewController.xib */; };
		A4DD9CAF27A8E4DF0006CA6E /* AppDelegate.swift in Sources */ = {isa = PBXBuildFile; fileRef = A4DD9CAE27A8E4DF0006CA6E /* AppDelegate.swift */; };
		A4DD9CB827A8E4E00006CA6E /* Assets.xcassets in Resources */ = {isa = PBXBuildFile; fileRef = A4DD9CB727A8E4E00006CA6E /* Assets.xcassets */; };
		A4DD9CBB27A8E4E00006CA6E /* LaunchScreen.storyboard in Resources */ = {isa = PBXBuildFile; fileRef = A4DD9CB927A8E4E00006CA6E /* LaunchScreen.storyboard */; };
		A4DD9CCB27A8E7C80006CA6E /* HomeViewController.swift in Sources */ = {isa = PBXBuildFile; fileRef = A4DD9CC927A8E7C80006CA6E /* HomeViewController.swift */; };
		A4DD9CCC27A8E7C80006CA6E /* HomeViewController.xib in Resources */ = {isa = PBXBuildFile; fileRef = A4DD9CCA27A8E7C80006CA6E /* HomeViewController.xib */; };
		A4E4E20127AA2D00009C029C /* RobotoMono-Medium.ttf in Resources */ = {isa = PBXBuildFile; fileRef = A4E4E20027AA2D00009C029C /* RobotoMono-Medium.ttf */; };
		A4E4E20927AA2DE7009C029C /* RobotoMono-BoldItalic.ttf in Resources */ = {isa = PBXBuildFile; fileRef = A4E4E20227AA2DE7009C029C /* RobotoMono-BoldItalic.ttf */; };
		A4E4E20A27AA2DE7009C029C /* RobotoMono-ExtraLight.ttf in Resources */ = {isa = PBXBuildFile; fileRef = A4E4E20327AA2DE7009C029C /* RobotoMono-ExtraLight.ttf */; };
		A4E4E20B27AA2DE7009C029C /* RobotoMono-Light.ttf in Resources */ = {isa = PBXBuildFile; fileRef = A4E4E20427AA2DE7009C029C /* RobotoMono-Light.ttf */; };
		A4E4E20C27AA2DE7009C029C /* RobotoMono-ExtraLightItalic.ttf in Resources */ = {isa = PBXBuildFile; fileRef = A4E4E20527AA2DE7009C029C /* RobotoMono-ExtraLightItalic.ttf */; };
		A4E4E20D27AA2DE7009C029C /* RobotoMono-Italic.ttf in Resources */ = {isa = PBXBuildFile; fileRef = A4E4E20627AA2DE7009C029C /* RobotoMono-Italic.ttf */; };
		A4E4E20E27AA2DE7009C029C /* RobotoMono-LightItalic.ttf in Resources */ = {isa = PBXBuildFile; fileRef = A4E4E20727AA2DE7009C029C /* RobotoMono-LightItalic.ttf */; };
		A4E4E20F27AA2DE7009C029C /* RobotoMono-Bold.ttf in Resources */ = {isa = PBXBuildFile; fileRef = A4E4E20827AA2DE7009C029C /* RobotoMono-Bold.ttf */; };
/* End PBXBuildFile section */

/* Begin PBXFileReference section */
		A42CBFAC27AB745E0069FC45 /* UIUtils.swift */ = {isa = PBXFileReference; lastKnownFileType = sourcecode.swift; path = UIUtils.swift; sourceTree = "<group>"; };
		A42CBFB627AB7BC50069FC45 /* SearchViewController.swift */ = {isa = PBXFileReference; lastKnownFileType = sourcecode.swift; path = SearchViewController.swift; sourceTree = "<group>"; };
		A42CBFB727AB7BC50069FC45 /* SearchViewController.xib */ = {isa = PBXFileReference; lastKnownFileType = file.xib; path = SearchViewController.xib; sourceTree = "<group>"; };
		A42CBFBA27AB7D0E0069FC45 /* WatchListViewController.swift */ = {isa = PBXFileReference; lastKnownFileType = sourcecode.swift; path = WatchListViewController.swift; sourceTree = "<group>"; };
		A42CBFBB27AB7D0E0069FC45 /* WatchListViewController.xib */ = {isa = PBXFileReference; lastKnownFileType = file.xib; path = WatchListViewController.xib; sourceTree = "<group>"; };
		A4DD9CAB27A8E4DF0006CA6E /* CryptoTracker.app */ = {isa = PBXFileReference; explicitFileType = wrapper.application; includeInIndex = 0; path = CryptoTracker.app; sourceTree = BUILT_PRODUCTS_DIR; };
		A4DD9CAE27A8E4DF0006CA6E /* AppDelegate.swift */ = {isa = PBXFileReference; lastKnownFileType = sourcecode.swift; path = AppDelegate.swift; sourceTree = "<group>"; };
		A4DD9CB727A8E4E00006CA6E /* Assets.xcassets */ = {isa = PBXFileReference; lastKnownFileType = folder.assetcatalog; path = Assets.xcassets; sourceTree = "<group>"; };
		A4DD9CBA27A8E4E00006CA6E /* Base */ = {isa = PBXFileReference; lastKnownFileType = file.storyboard; name = Base; path = Base.lproj/LaunchScreen.storyboard; sourceTree = "<group>"; };
		A4DD9CBC27A8E4E00006CA6E /* Info.plist */ = {isa = PBXFileReference; lastKnownFileType = text.plist.xml; path = Info.plist; sourceTree = "<group>"; };
		A4DD9CC927A8E7C80006CA6E /* HomeViewController.swift */ = {isa = PBXFileReference; lastKnownFileType = sourcecode.swift; path = HomeViewController.swift; sourceTree = "<group>"; };
		A4DD9CCA27A8E7C80006CA6E /* HomeViewController.xib */ = {isa = PBXFileReference; lastKnownFileType = file.xib; path = HomeViewController.xib; sourceTree = "<group>"; };
		A4E4E20027AA2D00009C029C /* RobotoMono-Medium.ttf */ = {isa = PBXFileReference; lastKnownFileType = file; path = "RobotoMono-Medium.ttf"; sourceTree = "<group>"; };
		A4E4E20227AA2DE7009C029C /* RobotoMono-BoldItalic.ttf */ = {isa = PBXFileReference; lastKnownFileType = file; path = "RobotoMono-BoldItalic.ttf"; sourceTree = "<group>"; };
		A4E4E20327AA2DE7009C029C /* RobotoMono-ExtraLight.ttf */ = {isa = PBXFileReference; lastKnownFileType = file; path = "RobotoMono-ExtraLight.ttf"; sourceTree = "<group>"; };
		A4E4E20427AA2DE7009C029C /* RobotoMono-Light.ttf */ = {isa = PBXFileReference; lastKnownFileType = file; path = "RobotoMono-Light.ttf"; sourceTree = "<group>"; };
		A4E4E20527AA2DE7009C029C /* RobotoMono-ExtraLightItalic.ttf */ = {isa = PBXFileReference; lastKnownFileType = file; path = "RobotoMono-ExtraLightItalic.ttf"; sourceTree = "<group>"; };
		A4E4E20627AA2DE7009C029C /* RobotoMono-Italic.ttf */ = {isa = PBXFileReference; lastKnownFileType = file; path = "RobotoMono-Italic.ttf"; sourceTree = "<group>"; };
		A4E4E20727AA2DE7009C029C /* RobotoMono-LightItalic.ttf */ = {isa = PBXFileReference; lastKnownFileType = file; path = "RobotoMono-LightItalic.ttf"; sourceTree = "<group>"; };
		A4E4E20827AA2DE7009C029C /* RobotoMono-Bold.ttf */ = {isa = PBXFileReference; lastKnownFileType = file; path = "RobotoMono-Bold.ttf"; sourceTree = "<group>"; };
/* End PBXFileReference section */

/* Begin PBXFrameworksBuildPhase section */
		A4DD9CA827A8E4DF0006CA6E /* Frameworks */ = {
			isa = PBXFrameworksBuildPhase;
			buildActionMask = 2147483647;
			files = (
			);
			runOnlyForDeploymentPostprocessing = 0;
		};
/* End PBXFrameworksBuildPhase section */

/* Begin PBXGroup section */
		A42CBFB327AB794D0069FC45 /* Tabs */ = {
			isa = PBXGroup;
			children = (
				A4DD9CC927A8E7C80006CA6E /* HomeViewController.swift */,
				A42CBFB627AB7BC50069FC45 /* SearchViewController.swift */,
				A42CBFBA27AB7D0E0069FC45 /* WatchListViewController.swift */,
			);
			path = Tabs;
			sourceTree = "<group>";
		};
		A4DD9CA227A8E4DF0006CA6E = {
			isa = PBXGroup;
			children = (
				A4DD9CAD27A8E4DF0006CA6E /* CryptoTracker */,
				A4DD9CAC27A8E4DF0006CA6E /* Products */,
			);
			sourceTree = "<group>";
		};
		A4DD9CAC27A8E4DF0006CA6E /* Products */ = {
			isa = PBXGroup;
			children = (
				A4DD9CAB27A8E4DF0006CA6E /* CryptoTracker.app */,
			);
			name = Products;
			sourceTree = "<group>";
		};
		A4DD9CAD27A8E4DF0006CA6E /* CryptoTracker */ = {
			isa = PBXGroup;
			children = (
				A4E4E1FF27AA2CE1009C029C /* Fonts */,
				A4DD9CAE27A8E4DF0006CA6E /* AppDelegate.swift */,
				A4DD9CC527A8E74F0006CA6E /* Utils */,
				A4DD9CC427A8E7470006CA6E /* View */,
				A4DD9CC327A8E73E0006CA6E /* Controllers */,
				A4DD9CC227A8E7360006CA6E /* Models */,
				A4DD9CB727A8E4E00006CA6E /* Assets.xcassets */,
				A4DD9CBC27A8E4E00006CA6E /* Info.plist */,
			);
			path = CryptoTracker;
			sourceTree = "<group>";
		};
		A4DD9CC227A8E7360006CA6E /* Models */ = {
			isa = PBXGroup;
			children = (
			);
			path = Models;
			sourceTree = "<group>";
		};
		A4DD9CC327A8E73E0006CA6E /* Controllers */ = {
			isa = PBXGroup;
			children = (
				A42CBFB327AB794D0069FC45 /* Tabs */,
			);
			path = Controllers;
			sourceTree = "<group>";
		};
		A4DD9CC427A8E7470006CA6E /* View */ = {
			isa = PBXGroup;
			children = (
				A4DD9CC727A8E79C0006CA6E /* Tabs */,
				A4DD9CC627A8E76B0006CA6E /* Launch */,
			);
			path = View;
			sourceTree = "<group>";
		};
		A4DD9CC527A8E74F0006CA6E /* Utils */ = {
			isa = PBXGroup;
			children = (
				A42CBFAC27AB745E0069FC45 /* UIUtils.swift */,
			);
			path = Utils;
			sourceTree = "<group>";
		};
		A4DD9CC627A8E76B0006CA6E /* Launch */ = {
			isa = PBXGroup;
			children = (
				A4DD9CB927A8E4E00006CA6E /* LaunchScreen.storyboard */,
			);
			path = Launch;
			sourceTree = "<group>";
		};
		A4DD9CC727A8E79C0006CA6E /* Tabs */ = {
			isa = PBXGroup;
			children = (
				A42CBFBB27AB7D0E0069FC45 /* WatchListViewController.xib */,
				A4DD9CCA27A8E7C80006CA6E /* HomeViewController.xib */,
				A42CBFB727AB7BC50069FC45 /* SearchViewController.xib */,
			);
			path = Tabs;
			sourceTree = "<group>";
		};
		A4E4E1FF27AA2CE1009C029C /* Fonts */ = {
			isa = PBXGroup;
			children = (
				A4E4E20827AA2DE7009C029C /* RobotoMono-Bold.ttf */,
				A4E4E20227AA2DE7009C029C /* RobotoMono-BoldItalic.ttf */,
				A4E4E20327AA2DE7009C029C /* RobotoMono-ExtraLight.ttf */,
				A4E4E20527AA2DE7009C029C /* RobotoMono-ExtraLightItalic.ttf */,
				A4E4E20627AA2DE7009C029C /* RobotoMono-Italic.ttf */,
				A4E4E20427AA2DE7009C029C /* RobotoMono-Light.ttf */,
				A4E4E20727AA2DE7009C029C /* RobotoMono-LightItalic.ttf */,
				A4E4E20027AA2D00009C029C /* RobotoMono-Medium.ttf */,
			);
			path = Fonts;
			sourceTree = "<group>";
		};
/* End PBXGroup section */

/* Begin PBXNativeTarget section */
		A4DD9CAA27A8E4DF0006CA6E /* CryptoTracker */ = {
			isa = PBXNativeTarget;
			buildConfigurationList = A4DD9CBF27A8E4E00006CA6E /* Build configuration list for PBXNativeTarget "CryptoTracker" */;
			buildPhases = (
				A4DD9CA727A8E4DF0006CA6E /* Sources */,
				A4DD9CA827A8E4DF0006CA6E /* Frameworks */,
				A4DD9CA927A8E4DF0006CA6E /* Resources */,
			);
			buildRules = (
			);
			dependencies = (
			);
			name = CryptoTracker;
			productName = CryptoTracker;
			productReference = A4DD9CAB27A8E4DF0006CA6E /* CryptoTracker.app */;
			productType = "com.apple.product-type.application";
		};
/* End PBXNativeTarget section */

/* Begin PBXProject section */
		A4DD9CA327A8E4DF0006CA6E /* Project object */ = {
			isa = PBXProject;
			attributes = {
				BuildIndependentTargetsInParallel = 1;
				LastSwiftUpdateCheck = 1320;
				LastUpgradeCheck = 1320;
				TargetAttributes = {
					A4DD9CAA27A8E4DF0006CA6E = {
						CreatedOnToolsVersion = 13.2.1;
					};
				};
			};
			buildConfigurationList = A4DD9CA627A8E4DF0006CA6E /* Build configuration list for PBXProject "CryptoTracker" */;
			compatibilityVersion = "Xcode 13.0";
			developmentRegion = en;
			hasScannedForEncodings = 0;
			knownRegions = (
				en,
				Base,
			);
			mainGroup = A4DD9CA227A8E4DF0006CA6E;
			productRefGroup = A4DD9CAC27A8E4DF0006CA6E /* Products */;
			projectDirPath = "";
			projectRoot = "";
			targets = (
				A4DD9CAA27A8E4DF0006CA6E /* CryptoTracker */,
			);
		};
/* End PBXProject section */

/* Begin PBXResourcesBuildPhase section */
		A4DD9CA927A8E4DF0006CA6E /* Resources */ = {
			isa = PBXResourcesBuildPhase;
			buildActionMask = 2147483647;
			files = (
				A4E4E20C27AA2DE7009C029C /* RobotoMono-ExtraLightItalic.ttf in Resources */,
				A4DD9CBB27A8E4E00006CA6E /* LaunchScreen.storyboard in Resources */,
				A42CBFB927AB7BC50069FC45 /* SearchViewController.xib in Resources */,
				A4E4E20127AA2D00009C029C /* RobotoMono-Medium.ttf in Resources */,
				A4E4E20B27AA2DE7009C029C /* RobotoMono-Light.ttf in Resources */,
				A4E4E20D27AA2DE7009C029C /* RobotoMono-Italic.ttf in Resources */,
				A4E4E20A27AA2DE7009C029C /* RobotoMono-ExtraLight.ttf in Resources */,
				A4DD9CB827A8E4E00006CA6E /* Assets.xcassets in Resources */,
				A4DD9CCC27A8E7C80006CA6E /* HomeViewController.xib in Resources */,
				A4E4E20F27AA2DE7009C029C /* RobotoMono-Bold.ttf in Resources */,
				A42CBFBD27AB7D0E0069FC45 /* WatchListViewController.xib in Resources */,
				A4E4E20927AA2DE7009C029C /* RobotoMono-BoldItalic.ttf in Resources */,
				A4E4E20E27AA2DE7009C029C /* RobotoMono-LightItalic.ttf in Resources */,
			);
			runOnlyForDeploymentPostprocessing = 0;
		};
/* End PBXResourcesBuildPhase section */

/* Begin PBXSourcesBuildPhase section */
		A4DD9CA727A8E4DF0006CA6E /* Sources */ = {
			isa = PBXSourcesBuildPhase;
			buildActionMask = 2147483647;
			files = (
				A42CBFB827AB7BC50069FC45 /* SearchViewController.swift in Sources */,
				A42CBFAD27AB745E0069FC45 /* UIUtils.swift in Sources */,
				A4DD9CAF27A8E4DF0006CA6E /* AppDelegate.swift in Sources */,
				A42CBFBC27AB7D0E0069FC45 /* WatchListViewController.swift in Sources */,
				A4DD9CCB27A8E7C80006CA6E /* HomeViewController.swift in Sources */,
			);
			runOnlyForDeploymentPostprocessing = 0;
		};
/* End PBXSourcesBuildPhase section */

/* Begin PBXVariantGroup section */
		A4DD9CB927A8E4E00006CA6E /* LaunchScreen.storyboard */ = {
			isa = PBXVariantGroup;
			children = (
				A4DD9CBA27A8E4E00006CA6E /* Base */,
			);
			name = LaunchScreen.storyboard;
			sourceTree = "<group>";
		};
/* End PBXVariantGroup section */

/* Begin XCBuildConfiguration section */
		A4DD9CBD27A8E4E00006CA6E /* Debug */ = {
			isa = XCBuildConfiguration;
			buildSettings = {
				ALWAYS_SEARCH_USER_PATHS = NO;
				CLANG_ANALYZER_NONNULL = YES;
				CLANG_ANALYZER_NUMBER_OBJECT_CONVERSION = YES_AGGRESSIVE;
				CLANG_CXX_LANGUAGE_STANDARD = "gnu++17";
				CLANG_CXX_LIBRARY = "libc++";
				CLANG_ENABLE_MODULES = YES;
				CLANG_ENABLE_OBJC_ARC = YES;
				CLANG_ENABLE_OBJC_WEAK = YES;
				CLANG_WARN_BLOCK_CAPTURE_AUTORELEASING = YES;
				CLANG_WARN_BOOL_CONVERSION = YES;
				CLANG_WARN_COMMA = YES;
				CLANG_WARN_CONSTANT_CONVERSION = YES;
				CLANG_WARN_DEPRECATED_OBJC_IMPLEMENTATIONS = YES;
				CLANG_WARN_DIRECT_OBJC_ISA_USAGE = YES_ERROR;
				CLANG_WARN_DOCUMENTATION_COMMENTS = YES;
				CLANG_WARN_EMPTY_BODY = YES;
				CLANG_WARN_ENUM_CONVERSION = YES;
				CLANG_WARN_INFINITE_RECURSION = YES;
				CLANG_WARN_INT_CONVERSION = YES;
				CLANG_WARN_NON_LITERAL_NULL_CONVERSION = YES;
				CLANG_WARN_OBJC_IMPLICIT_RETAIN_SELF = YES;
				CLANG_WARN_OBJC_LITERAL_CONVERSION = YES;
				CLANG_WARN_OBJC_ROOT_CLASS = YES_ERROR;
				CLANG_WARN_QUOTED_INCLUDE_IN_FRAMEWORK_HEADER = YES;
				CLANG_WARN_RANGE_LOOP_ANALYSIS = YES;
				CLANG_WARN_STRICT_PROTOTYPES = YES;
				CLANG_WARN_SUSPICIOUS_MOVE = YES;
				CLANG_WARN_UNGUARDED_AVAILABILITY = YES_AGGRESSIVE;
				CLANG_WARN_UNREACHABLE_CODE = YES;
				CLANG_WARN__DUPLICATE_METHOD_MATCH = YES;
				COPY_PHASE_STRIP = NO;
				DEBUG_INFORMATION_FORMAT = dwarf;
				ENABLE_STRICT_OBJC_MSGSEND = YES;
				ENABLE_TESTABILITY = YES;
				GCC_C_LANGUAGE_STANDARD = gnu11;
				GCC_DYNAMIC_NO_PIC = NO;
				GCC_NO_COMMON_BLOCKS = YES;
				GCC_OPTIMIZATION_LEVEL = 0;
				GCC_PREPROCESSOR_DEFINITIONS = (
					"DEBUG=1",
					"$(inherited)",
				);
				GCC_WARN_64_TO_32_BIT_CONVERSION = YES;
				GCC_WARN_ABOUT_RETURN_TYPE = YES_ERROR;
				GCC_WARN_UNDECLARED_SELECTOR = YES;
				GCC_WARN_UNINITIALIZED_AUTOS = YES_AGGRESSIVE;
				GCC_WARN_UNUSED_FUNCTION = YES;
				GCC_WARN_UNUSED_VARIABLE = YES;
				IPHONEOS_DEPLOYMENT_TARGET = 15.2;
				MTL_ENABLE_DEBUG_INFO = INCLUDE_SOURCE;
				MTL_FAST_MATH = YES;
				ONLY_ACTIVE_ARCH = YES;
				SDKROOT = iphoneos;
				SWIFT_ACTIVE_COMPILATION_CONDITIONS = DEBUG;
				SWIFT_OPTIMIZATION_LEVEL = "-Onone";
			};
			name = Debug;
		};
		A4DD9CBE27A8E4E00006CA6E /* Release */ = {
			isa = XCBuildConfiguration;
			buildSettings = {
				ALWAYS_SEARCH_USER_PATHS = NO;
				CLANG_ANALYZER_NONNULL = YES;
				CLANG_ANALYZER_NUMBER_OBJECT_CONVERSION = YES_AGGRESSIVE;
				CLANG_CXX_LANGUAGE_STANDARD = "gnu++17";
				CLANG_CXX_LIBRARY = "libc++";
				CLANG_ENABLE_MODULES = YES;
				CLANG_ENABLE_OBJC_ARC = YES;
				CLANG_ENABLE_OBJC_WEAK = YES;
				CLANG_WARN_BLOCK_CAPTURE_AUTORELEASING = YES;
				CLANG_WARN_BOOL_CONVERSION = YES;
				CLANG_WARN_COMMA = YES;
				CLANG_WARN_CONSTANT_CONVERSION = YES;
				CLANG_WARN_DEPRECATED_OBJC_IMPLEMENTATIONS = YES;
				CLANG_WARN_DIRECT_OBJC_ISA_USAGE = YES_ERROR;
				CLANG_WARN_DOCUMENTATION_COMMENTS = YES;
				CLANG_WARN_EMPTY_BODY = YES;
				CLANG_WARN_ENUM_CONVERSION = YES;
				CLANG_WARN_INFINITE_RECURSION = YES;
				CLANG_WARN_INT_CONVERSION = YES;
				CLANG_WARN_NON_LITERAL_NULL_CONVERSION = YES;
				CLANG_WARN_OBJC_IMPLICIT_RETAIN_SELF = YES;
				CLANG_WARN_OBJC_LITERAL_CONVERSION = YES;
				CLANG_WARN_OBJC_ROOT_CLASS = YES_ERROR;
				CLANG_WARN_QUOTED_INCLUDE_IN_FRAMEWORK_HEADER = YES;
				CLANG_WARN_RANGE_LOOP_ANALYSIS = YES;
				CLANG_WARN_STRICT_PROTOTYPES = YES;
				CLANG_WARN_SUSPICIOUS_MOVE = YES;
				CLANG_WARN_UNGUARDED_AVAILABILITY = YES_AGGRESSIVE;
				CLANG_WARN_UNREACHABLE_CODE = YES;
				CLANG_WARN__DUPLICATE_METHOD_MATCH = YES;
				COPY_PHASE_STRIP = NO;
				DEBUG_INFORMATION_FORMAT = "dwarf-with-dsym";
				ENABLE_NS_ASSERTIONS = NO;
				ENABLE_STRICT_OBJC_MSGSEND = YES;
				GCC_C_LANGUAGE_STANDARD = gnu11;
				GCC_NO_COMMON_BLOCKS = YES;
				GCC_WARN_64_TO_32_BIT_CONVERSION = YES;
				GCC_WARN_ABOUT_RETURN_TYPE = YES_ERROR;
				GCC_WARN_UNDECLARED_SELECTOR = YES;
				GCC_WARN_UNINITIALIZED_AUTOS = YES_AGGRESSIVE;
				GCC_WARN_UNUSED_FUNCTION = YES;
				GCC_WARN_UNUSED_VARIABLE = YES;
				IPHONEOS_DEPLOYMENT_TARGET = 15.2;
				MTL_ENABLE_DEBUG_INFO = NO;
				MTL_FAST_MATH = YES;
				SDKROOT = iphoneos;
				SWIFT_COMPILATION_MODE = wholemodule;
				SWIFT_OPTIMIZATION_LEVEL = "-O";
				VALIDATE_PRODUCT = YES;
			};
			name = Release;
		};
		A4DD9CC027A8E4E00006CA6E /* Debug */ = {
			isa = XCBuildConfiguration;
			buildSettings = {
				ASSETCATALOG_COMPILER_APPICON_NAME = AppIcon;
				ASSETCATALOG_COMPILER_GLOBAL_ACCENT_COLOR_NAME = AccentColor;
				CODE_SIGN_STYLE = Automatic;
				CURRENT_PROJECT_VERSION = 1;
				DEVELOPMENT_TEAM = 5P4JJDT7CR;
				GENERATE_INFOPLIST_FILE = YES;
				INFOPLIST_FILE = CryptoTracker/Info.plist;
				INFOPLIST_KEY_UIApplicationSupportsIndirectInputEvents = YES;
				INFOPLIST_KEY_UILaunchStoryboardName = LaunchScreen;
				INFOPLIST_KEY_UISupportedInterfaceOrientations_iPad = "UIInterfaceOrientationPortrait UIInterfaceOrientationPortraitUpsideDown UIInterfaceOrientationLandscapeLeft UIInterfaceOrientationLandscapeRight";
				INFOPLIST_KEY_UISupportedInterfaceOrientations_iPhone = "UIInterfaceOrientationPortrait UIInterfaceOrientationLandscapeLeft UIInterfaceOrientationLandscapeRight";
				IPHONEOS_DEPLOYMENT_TARGET = 13.0;
				LD_RUNPATH_SEARCH_PATHS = (
					"$(inherited)",
					"@executable_path/Frameworks",
				);
				MARKETING_VERSION = 1.0;
				PRODUCT_BUNDLE_IDENTIFIER = com.urielh.CryptoTracker;
				PRODUCT_NAME = "$(TARGET_NAME)";
				SWIFT_EMIT_LOC_STRINGS = YES;
				SWIFT_VERSION = 5.0;
				TARGETED_DEVICE_FAMILY = 1;
			};
			name = Debug;
		};
		A4DD9CC127A8E4E00006CA6E /* Release */ = {
			isa = XCBuildConfiguration;
			buildSettings = {
				ASSETCATALOG_COMPILER_APPICON_NAME = AppIcon;
				ASSETCATALOG_COMPILER_GLOBAL_ACCENT_COLOR_NAME = AccentColor;
				CODE_SIGN_STYLE = Automatic;
				CURRENT_PROJECT_VERSION = 1;
				DEVELOPMENT_TEAM = 5P4JJDT7CR;
				GENERATE_INFOPLIST_FILE = YES;
				INFOPLIST_FILE = CryptoTracker/Info.plist;
				INFOPLIST_KEY_UIApplicationSupportsIndirectInputEvents = YES;
				INFOPLIST_KEY_UILaunchStoryboardName = LaunchScreen;
				INFOPLIST_KEY_UISupportedInterfaceOrientations_iPad = "UIInterfaceOrientationPortrait UIInterfaceOrientationPortraitUpsideDown UIInterfaceOrientationLandscapeLeft UIInterfaceOrientationLandscapeRight";
				INFOPLIST_KEY_UISupportedInterfaceOrientations_iPhone = "UIInterfaceOrientationPortrait UIInterfaceOrientationLandscapeLeft UIInterfaceOrientationLandscapeRight";
				IPHONEOS_DEPLOYMENT_TARGET = 13.0;
				LD_RUNPATH_SEARCH_PATHS = (
					"$(inherited)",
					"@executable_path/Frameworks",
				);
				MARKETING_VERSION = 1.0;
				PRODUCT_BUNDLE_IDENTIFIER = com.urielh.CryptoTracker;
				PRODUCT_NAME = "$(TARGET_NAME)";
				SWIFT_EMIT_LOC_STRINGS = YES;
				SWIFT_VERSION = 5.0;
				TARGETED_DEVICE_FAMILY = 1;
			};
			name = Release;
		};
/* End XCBuildConfiguration section */

/* Begin XCConfigurationList section */
		A4DD9CA627A8E4DF0006CA6E /* Build configuration list for PBXProject "CryptoTracker" */ = {
			isa = XCConfigurationList;
			buildConfigurations = (
				A4DD9CBD27A8E4E00006CA6E /* Debug */,
				A4DD9CBE27A8E4E00006CA6E /* Release */,
			);
			defaultConfigurationIsVisible = 0;
			defaultConfigurationName = Release;
		};
		A4DD9CBF27A8E4E00006CA6E /* Build configuration list for PBXNativeTarget "CryptoTracker" */ = {
			isa = XCConfigurationList;
			buildConfigurations = (
				A4DD9CC027A8E4E00006CA6E /* Debug */,
				A4DD9CC127A8E4E00006CA6E /* Release */,
			);
			defaultConfigurationIsVisible = 0;
			defaultConfigurationName = Release;
		};
/* End XCConfigurationList section */
	};
	rootObject = A4DD9CA327A8E4DF0006CA6E /* Project object */;
}
